
Microsoft Visual Studio Solution File, Format Version 12.00
# Visual Studio Version 17
VisualStudioVersion = 17.11.35219.272
MinimumVisualStudioVersion = 10.0.40219.1
Project("{9A19103F-16F7-4668-BE54-9A1E7A4F7556}") = "Emerde", "src\Emerde\Emerde.csproj", "{5642C581-F105-41C4-9FB7-3F4BC7CBF6B1}"
EndProject
Project("{2150E333-8FDC-42A3-9474-1A3956D46DE8}") = "tests", "tests", "{0AB3BF05-4346-4AA6-1389-037BE0695223}"
EndProject
Project("{FAE04EC0-301F-11D3-BF4B-00C04F79EFBC}") = "Emerde.Tests", "tests\Emerde.Tests\Emerde.Tests.csproj", "{F7BFD87B-6449-42E2-B192-FF45EC15BDE9}"
EndProject
Project("{FAE04EC0-301F-11D3-BF4B-00C04F79EFBC}") = "Emerde.DouyinPublisher", "extensions\Emerde.DouyinPublisher\Emerde.DouyinPublisher.csproj", "{EB544BD7-BD99-4482-BB89-D9792D58CB72}"
EndProject
Project("{2150E333-8FDC-42A3-9474-1A3956D46DE8}") = "src", "src", "{827E0CD3-B72D-47B6-A68D-7590B98EB39B}"
EndProject
Project("{FAE04EC0-301F-11D3-BF4B-00C04F79EFBC}") = "Emerde.Installer", "src\Emerde.Installer\Emerde.Installer.csproj", "{7A8B3E87-4C9D-484C-AFBF-C26E652D8E4D}"
EndProject
Project("{FAE04EC0-301F-11D3-BF4B-00C04F79EFBC}") = "Emerde.Uninstaller", "src\Emerde.Uninstaller\Emerde.Uninstaller.csproj", "{E610FA03-A042-4C82-9503-B11C1D70783E}"
EndProject
Project("{FAE04EC0-301F-11D3-BF4B-00C04F79EFBC}") = "Emerde.Setup.Bootstrap", "src\Emerde.Setup.Bootstrap\Emerde.Setup.Bootstrap.csproj", "{250F8A51-3D31-40CF-902A-51F64EE69E53}"
EndProject
Project("{FAE04EC0-301F-11D3-BF4B-00C04F79EFBC}") = "Emerde.Setup.Packager", "src\Emerde.Setup.Packager\Emerde.Setup.Packager.csproj", "{0F1A17BA-BE2D-4417-BB82-74AB8B0DD6DF}"
EndProject
Project("{FAE04EC0-301F-11D3-BF4B-00C04F79EFBC}") = "Emerde.Cleanup", "src\Emerde.Cleanup\Emerde.Cleanup.csproj", "{6494363C-0F16-4D19-B7C1-FF87BB5D4DB4}"
EndProject
Global
	GlobalSection(SolutionConfigurationPlatforms) = preSolution
		Debug|x64 = Debug|x64
		Debug|Any CPU = Debug|Any CPU
		Debug|x86 = Debug|x86
		Release|x64 = Release|x64
		Release|Any CPU = Release|Any CPU
		Release|x86 = Release|x86
	EndGlobalSection
	GlobalSection(ProjectConfigurationPlatforms) = postSolution
		{5642C581-F105-41C4-9FB7-3F4BC7CBF6B1}.Debug|x64.ActiveCfg = Debug|x64
		{5642C581-F105-41C4-9FB7-3F4BC7CBF6B1}.Debug|x64.Build.0 = Debug|x64
		{5642C581-F105-41C4-9FB7-3F4BC7CBF6B1}.Debug|Any CPU.ActiveCfg = Debug|Any CPU
		{5642C581-F105-41C4-9FB7-3F4BC7CBF6B1}.Debug|Any CPU.Build.0 = Debug|Any CPU
		{5642C581-F105-41C4-9FB7-3F4BC7CBF6B1}.Debug|x86.ActiveCfg = Debug|Any CPU
		{5642C581-F105-41C4-9FB7-3F4BC7CBF6B1}.Debug|x86.Build.0 = Debug|Any CPU
		{5642C581-F105-41C4-9FB7-3F4BC7CBF6B1}.Release|x64.ActiveCfg = Release|x64
		{5642C581-F105-41C4-9FB7-3F4BC7CBF6B1}.Release|x64.Build.0 = Release|x64
		{5642C581-F105-41C4-9FB7-3F4BC7CBF6B1}.Release|Any CPU.ActiveCfg = Release|Any CPU
		{5642C581-F105-41C4-9FB7-3F4BC7CBF6B1}.Release|Any CPU.Build.0 = Release|Any CPU
		{5642C581-F105-41C4-9FB7-3F4BC7CBF6B1}.Release|x86.ActiveCfg = Release|Any CPU
		{5642C581-F105-41C4-9FB7-3F4BC7CBF6B1}.Release|x86.Build.0 = Release|Any CPU
		{F7BFD87B-6449-42E2-B192-FF45EC15BDE9}.Debug|x64.ActiveCfg = Debug|Any CPU
		{F7BFD87B-6449-42E2-B192-FF45EC15BDE9}.Debug|x64.Build.0 = Debug|Any CPU
		{F7BFD87B-6449-42E2-B192-FF45EC15BDE9}.Debug|Any CPU.ActiveCfg = Debug|Any CPU
		{F7BFD87B-6449-42E2-B192-FF45EC15BDE9}.Debug|Any CPU.Build.0 = Debug|Any CPU
		{F7BFD87B-6449-42E2-B192-FF45EC15BDE9}.Debug|x86.ActiveCfg = Debug|Any CPU
		{F7BFD87B-6449-42E2-B192-FF45EC15BDE9}.Debug|x86.Build.0 = Debug|Any CPU
		{F7BFD87B-6449-42E2-B192-FF45EC15BDE9}.Release|x64.ActiveCfg = Release|Any CPU
		{F7BFD87B-6449-42E2-B192-FF45EC15BDE9}.Release|x64.Build.0 = Release|Any CPU
		{F7BFD87B-6449-42E2-B192-FF45EC15BDE9}.Release|Any CPU.ActiveCfg = Release|Any CPU
		{F7BFD87B-6449-42E2-B192-FF45EC15BDE9}.Release|Any CPU.Build.0 = Release|Any CPU
		{F7BFD87B-6449-42E2-B192-FF45EC15BDE9}.Release|x86.ActiveCfg = Release|Any CPU
		{F7BFD87B-6449-42E2-B192-FF45EC15BDE9}.Release|x86.Build.0 = Release|Any CPU
		{EB544BD7-BD99-4482-BB89-D9792D58CB72}.Debug|x64.ActiveCfg = Debug|Any CPU
		{EB544BD7-BD99-4482-BB89-D9792D58CB72}.Debug|x64.Build.0 = Debug|Any CPU
		{EB544BD7-BD99-4482-BB89-D9792D58CB72}.Debug|Any CPU.ActiveCfg = Debug|Any CPU
		{EB544BD7-BD99-4482-BB89-D9792D58CB72}.Debug|Any CPU.Build.0 = Debug|Any CPU
		{EB544BD7-BD99-4482-BB89-D9792D58CB72}.Debug|x86.ActiveCfg = Debug|Any CPU
		{EB544BD7-BD99-4482-BB89-D9792D58CB72}.Debug|x86.Build.0 = Debug|Any CPU
		{EB544BD7-BD99-4482-BB89-D9792D58CB72}.Release|x64.ActiveCfg = Release|Any CPU
		{EB544BD7-BD99-4482-BB89-D9792D58CB72}.Release|x64.Build.0 = Release|Any CPU
		{EB544BD7-BD99-4482-BB89-D9792D58CB72}.Release|Any CPU.ActiveCfg = Release|Any CPU
		{EB544BD7-BD99-4482-BB89-D9792D58CB72}.Release|Any CPU.Build.0 = Release|Any CPU
		{EB544BD7-BD99-4482-BB89-D9792D58CB72}.Release|x86.ActiveCfg = Release|Any CPU
		{EB544BD7-BD99-4482-BB89-D9792D58CB72}.Release|x86.Build.0 = Release|Any CPU
		{7A8B3E87-4C9D-484C-AFBF-C26E652D8E4D}.Debug|x64.ActiveCfg = Debug|x64
		{7A8B3E87-4C9D-484C-AFBF-C26E652D8E4D}.Debug|x64.Build.0 = Debug|x64
		{7A8B3E87-4C9D-484C-AFBF-C26E652D8E4D}.Debug|Any CPU.ActiveCfg = Debug|x64
		{7A8B3E87-4C9D-484C-AFBF-C26E652D8E4D}.Debug|Any CPU.Build.0 = Debug|x64
		{7A8B3E87-4C9D-484C-AFBF-C26E652D8E4D}.Debug|x86.ActiveCfg = Debug|x64
		{7A8B3E87-4C9D-484C-AFBF-C26E652D8E4D}.Debug|x86.Build.0 = Debug|x64
		{7A8B3E87-4C9D-484C-AFBF-C26E652D8E4D}.Release|x64.ActiveCfg = Release|x64
		{7A8B3E87-4C9D-484C-AFBF-C26E652D8E4D}.Release|x64.Build.0 = Release|x64
		{7A8B3E87-4C9D-484C-AFBF-C26E652D8E4D}.Release|Any CPU.ActiveCfg = Release|x64
		{7A8B3E87-4C9D-484C-AFBF-C26E652D8E4D}.Release|Any CPU.Build.0 = Release|x64
		{7A8B3E87-4C9D-484C-AFBF-C26E652D8E4D}.Release|x86.ActiveCfg = Release|x64
		{7A8B3E87-4C9D-484C-AFBF-C26E652D8E4D}.Release|x86.Build.0 = Release|x64
		{E610FA03-A042-4C82-9503-B11C1D70783E}.Debug|x64.ActiveCfg = Debug|x64
		{E610FA03-A042-4C82-9503-B11C1D70783E}.Debug|x64.Build.0 = Debug|x64
		{E610FA03-A042-4C82-9503-B11C1D70783E}.Debug|Any CPU.ActiveCfg = Debug|x64
		{E610FA03-A042-4C82-9503-B11C1D70783E}.Debug|Any CPU.Build.0 = Debug|x64
		{E610FA03-A042-4C82-9503-B11C1D70783E}.Debug|x86.ActiveCfg = Debug|x64
		{E610FA03-A042-4C82-9503-B11C1D70783E}.Debug|x86.Build.0 = Debug|x64
		{E610FA03-A042-4C82-9503-B11C1D70783E}.Release|x64.ActiveCfg = Release|x64
		{E610FA03-A042-4C82-9503-B11C1D70783E}.Release|x64.Build.0 = Release|x64
		{E610FA03-A042-4C82-9503-B11C1D70783E}.Release|Any CPU.ActiveCfg = Release|x64
		{E610FA03-A042-4C82-9503-B11C1D70783E}.Release|Any CPU.Build.0 = Release|x64
		{E610FA03-A042-4C82-9503-B11C1D70783E}.Release|x86.ActiveCfg = Release|x64
		{E610FA03-A042-4C82-9503-B11C1D70783E}.Release|x86.Build.0 = Release|x64
		{250F8A51-3D31-40CF-902A-51F64EE69E53}.Debug|x64.ActiveCfg = Debug|Any CPU
		{250F8A51-3D31-40CF-902A-51F64EE69E53}.Debug|x64.Build.0 = Debug|Any CPU
		{250F8A51-3D31-40CF-902A-51F64EE69E53}.Debug|Any CPU.ActiveCfg = Debug|Any CPU
		{250F8A51-3D31-40CF-902A-51F64EE69E53}.Debug|Any CPU.Build.0 = Debug|Any CPU
		{250F8A51-3D31-40CF-902A-51F64EE69E53}.Debug|x86.ActiveCfg = Debug|Any CPU
		{250F8A51-3D31-40CF-902A-51F64EE69E53}.Debug|x86.Build.0 = Debug|Any CPU
		{250F8A51-3D31-40CF-902A-51F64EE69E53}.Release|x64.ActiveCfg = Release|Any CPU
		{250F8A51-3D31-40CF-902A-51F64EE69E53}.Release|x64.Build.0 = Release|Any CPU
		{250F8A51-3D31-40CF-902A-51F64EE69E53}.Release|Any CPU.ActiveCfg = Release|Any CPU
		{250F8A51-3D31-40CF-902A-51F64EE69E53}.Release|Any CPU.Build.0 = Release|Any CPU
		{250F8A51-3D31-40CF-902A-51F64EE69E53}.Release|x86.ActiveCfg = Release|Any CPU
		{250F8A51-3D31-40CF-902A-51F64EE69E53}.Release|x86.Build.0 = Release|Any CPU
		{0F1A17BA-BE2D-4417-BB82-74AB8B0DD6DF}.Debug|x64.ActiveCfg = Debug|Any CPU
		{0F1A17BA-BE2D-4417-BB82-74AB8B0DD6DF}.Debug|x64.Build.0 = Debug|Any CPU
		{0F1A17BA-BE2D-4417-BB82-74AB8B0DD6DF}.Debug|Any CPU.ActiveCfg = Debug|Any CPU
		{0F1A17BA-BE2D-4417-BB82-74AB8B0DD6DF}.Debug|Any CPU.Build.0 = Debug|Any CPU
		{0F1A17BA-BE2D-4417-BB82-74AB8B0DD6DF}.Debug|x86.ActiveCfg = Debug|Any CPU
		{0F1A17BA-BE2D-4417-BB82-74AB8B0DD6DF}.Debug|x86.Build.0 = Debug|Any CPU
		{0F1A17BA-BE2D-4417-BB82-74AB8B0DD6DF}.Release|x64.ActiveCfg = Release|Any CPU
		{0F1A17BA-BE2D-4417-BB82-74AB8B0DD6DF}.Release|x64.Build.0 = Release|Any CPU
		{0F1A17BA-BE2D-4417-BB82-74AB8B0DD6DF}.Release|Any CPU.ActiveCfg = Release|Any CPU
		{0F1A17BA-BE2D-4417-BB82-74AB8B0DD6DF}.Release|Any CPU.Build.0 = Release|Any CPU
		{0F1A17BA-BE2D-4417-BB82-74AB8B0DD6DF}.Release|x86.ActiveCfg = Release|Any CPU
		{0F1A17BA-BE2D-4417-BB82-74AB8B0DD6DF}.Release|x86.Build.0 = Release|Any CPU
		{6494363C-0F16-4D19-B7C1-FF87BB5D4DB4}.Debug|x64.ActiveCfg = Debug|Any CPU
		{6494363C-0F16-4D19-B7C1-FF87BB5D4DB4}.Debug|x64.Build.0 = Debug|Any CPU
		{6494363C-0F16-4D19-B7C1-FF87BB5D4DB4}.Debug|Any CPU.ActiveCfg = Debug|Any CPU
		{6494363C-0F16-4D19-B7C1-FF87BB5D4DB4}.Debug|Any CPU.Build.0 = Debug|Any CPU
		{6494363C-0F16-4D19-B7C1-FF87BB5D4DB4}.Debug|x86.ActiveCfg = Debug|Any CPU
		{6494363C-0F16-4D19-B7C1-FF87BB5D4DB4}.Debug|x86.Build.0 = Debug|Any CPU
		{6494363C-0F16-4D19-B7C1-FF87BB5D4DB4}.Release|x64.ActiveCfg = Release|Any CPU
		{6494363C-0F16-4D19-B7C1-FF87BB5D4DB4}.Release|x64.Build.0 = Release|Any CPU
		{6494363C-0F16-4D19-B7C1-FF87BB5D4DB4}.Release|Any CPU.ActiveCfg = Release|Any CPU
		{6494363C-0F16-4D19-B7C1-FF87BB5D4DB4}.Release|Any CPU.Build.0 = Release|Any CPU
		{6494363C-0F16-4D19-B7C1-FF87BB5D4DB4}.Release|x86.ActiveCfg = Release|Any CPU
		{6494363C-0F16-4D19-B7C1-FF87BB5D4DB4}.Release|x86.Build.0 = Release|Any CPU
	EndGlobalSection
	GlobalSection(SolutionProperties) = preSolution
		HideSolutionNode = FALSE
	EndGlobalSection
	GlobalSection(NestedProjects) = preSolution
		{F7BFD87B-6449-42E2-B192-FF45EC15BDE9} = {0AB3BF05-4346-4AA6-1389-037BE0695223}
		{7A8B3E87-4C9D-484C-AFBF-C26E652D8E4D} = {827E0CD3-B72D-47B6-A68D-7590B98EB39B}
		{E610FA03-A042-4C82-9503-B11C1D70783E} = {827E0CD3-B72D-47B6-A68D-7590B98EB39B}
		{250F8A51-3D31-40CF-902A-51F64EE69E53} = {827E0CD3-B72D-47B6-A68D-7590B98EB39B}
		{0F1A17BA-BE2D-4417-BB82-74AB8B0DD6DF} = {827E0CD3-B72D-47B6-A68D-7590B98EB39B}
		{6494363C-0F16-4D19-B7C1-FF87BB5D4DB4} = {827E0CD3-B72D-47B6-A68D-7590B98EB39B}
	EndGlobalSection
	GlobalSection(ExtensibilityGlobals) = postSolution
		SolutionGuid = {26AED16E-0614-4F53-B1E5-8ACB6CDC2F2C}
	EndGlobalSection
EndGlobal
