
Microsoft Visual Studio Solution File, Format Version 12.00
# Visual Studio Version 17
VisualStudioVersion = 17.11.35219.272
MinimumVisualStudioVersion = 10.0.40219.1
Project("{9A19103F-16F7-4668-BE54-9A1E7A4F7556}") = "Emerde", "src\Emerde\Emerde.csproj", "{5642C581-F105-41C4-9FB7-3F4BC7CBF6B1}"
EndProject
Project("{2150E333-8FDC-42A3-9474-1A3956D46DE8}") = "tests", "tests", "{0AB3BF05-4346-4AA6-1389-037BE0695223}"
EndProject
Project("{FAE04EC0-301F-11D3-BF4B-00C04F79EFBC}") = "Emerde.Tests", "tests\Emerde.Tests\Emerde.Tests.csproj", "{F7BFD87B-6449-42E2-B192-FF45EC15BDE9}"
EndProject
Global
	GlobalSection(SolutionConfigurationPlatforms) = preSolution
		Debug|x64 = Debug|x64
		Debug|Any CPU = Debug|Any CPU
		Debug|x86 = Debug|x86
		Release|x64 = Release|x64
		Release|Any CPU = Release|Any CPU
		Release|x86 = Release|x86
	EndGlobalSection
	GlobalSection(ProjectConfigurationPlatforms) = postSolution
		{5642C581-F105-41C4-9FB7-3F4BC7CBF6B1}.Debug|x64.ActiveCfg = Debug|x64
		{5642C581-F105-41C4-9FB7-3F4BC7CBF6B1}.Debug|x64.Build.0 = Debug|x64
		{5642C581-F105-41C4-9FB7-3F4BC7CBF6B1}.Debug|Any CPU.ActiveCfg = Debug|Any CPU
		{5642C581-F105-41C4-9FB7-3F4BC7CBF6B1}.Debug|Any CPU.Build.0 = Debug|Any CPU
		{5642C581-F105-41C4-9FB7-3F4BC7CBF6B1}.Debug|x86.ActiveCfg = Debug|Any CPU
		{5642C581-F105-41C4-9FB7-3F4BC7CBF6B1}.Debug|x86.Build.0 = Debug|Any CPU
		{5642C581-F105-41C4-9FB7-3F4BC7CBF6B1}.Release|x64.ActiveCfg = Release|x64
		{5642C581-F105-41C4-9FB7-3F4BC7CBF6B1}.Release|x64.Build.0 = Release|x64
		{5642C581-F105-41C4-9FB7-3F4BC7CBF6B1}.Release|Any CPU.ActiveCfg = Release|Any CPU
		{5642C581-F105-41C4-9FB7-3F4BC7CBF6B1}.Release|Any CPU.Build.0 = Release|Any CPU
		{5642C581-F105-41C4-9FB7-3F4BC7CBF6B1}.Release|x86.ActiveCfg = Release|Any CPU
		{5642C581-F105-41C4-9FB7-3F4BC7CBF6B1}.Release|x86.Build.0 = Release|Any CPU
		{F7BFD87B-6449-42E2-B192-FF45EC15BDE9}.Debug|x64.ActiveCfg = Debug|Any CPU
		{F7BFD87B-6449-42E2-B192-FF45EC15BDE9}.Debug|x64.Build.0 = Debug|Any CPU
		{F7BFD87B-6449-42E2-B192-FF45EC15BDE9}.Debug|Any CPU.ActiveCfg = Debug|Any CPU
		{F7BFD87B-6449-42E2-B192-FF45EC15BDE9}.Debug|Any CPU.Build.0 = Debug|Any CPU
		{F7BFD87B-6449-42E2-B192-FF45EC15BDE9}.Debug|x86.ActiveCfg = Debug|Any CPU
		{F7BFD87B-6449-42E2-B192-FF45EC15BDE9}.Debug|x86.Build.0 = Debug|Any CPU
		{F7BFD87B-6449-42E2-B192-FF45EC15BDE9}.Release|x64.ActiveCfg = Release|Any CPU
		{F7BFD87B-6449-42E2-B192-FF45EC15BDE9}.Release|x64.Build.0 = Release|Any CPU
		{F7BFD87B-6449-42E2-B192-FF45EC15BDE9}.Release|Any CPU.ActiveCfg = Release|Any CPU
		{F7BFD87B-6449-42E2-B192-FF45EC15BDE9}.Release|Any CPU.Build.0 = Release|Any CPU
		{F7BFD87B-6449-42E2-B192-FF45EC15BDE9}.Release|x86.ActiveCfg = Release|Any CPU
		{F7BFD87B-6449-42E2-B192-FF45EC15BDE9}.Release|x86.Build.0 = Release|Any CPU
	EndGlobalSection
	GlobalSection(SolutionProperties) = preSolution
		HideSolutionNode = FALSE
	EndGlobalSection
	GlobalSection(NestedProjects) = preSolution
		{F7BFD87B-6449-42E2-B192-FF45EC15BDE9} = {0AB3BF05-4346-4AA6-1389-037BE0695223}
	EndGlobalSection
	GlobalSection(ExtensibilityGlobals) = postSolution
		SolutionGuid = {26AED16E-0614-4F53-B1E5-8ACB6CDC2F2C}
	EndGlobalSection
EndGlobal
